
Microsoft Visual Studio Solution File, Format Version 12.00
# Visual Studio Version 16
VisualStudioVersion = 16.0.31005.135
MinimumVisualStudioVersion = 10.0.40219.1
Project("{FAE04EC0-301F-11D3-BF4B-00C04F79EFBC}") = "2 + 3", "2 + 3.csproj", "{A8A1A467-64CD-4ECA-B280-D5FBC2A07617}"
EndProject
Global
	GlobalSection(SolutionConfigurationPlatforms) = preSolution
		Debug|Any CPU = Debug|Any CPU
		Release|Any CPU = Release|Any CPU
	EndGlobalSection
	GlobalSection(ProjectConfigurationPlatforms) = postSolution
		{A8A1A467-64CD-4ECA-B280-D5FBC2A07617}.Debug|Any CPU.ActiveCfg = Debug|Any CPU
		{A8A1A467-64CD-4ECA-B280-D5FBC2A07617}.Debug|Any CPU.Build.0 = Debug|Any CPU
		{A8A1A467-64CD-4ECA-B280-D5FBC2A07617}.Release|Any CPU.ActiveCfg = Release|Any CPU
		{A8A1A467-64CD-4ECA-B280-D5FBC2A07617}.Release|Any CPU.Build.0 = Release|Any CPU
	EndGlobalSection
	GlobalSection(SolutionProperties) = preSolution
		HideSolutionNode = FALSE
	EndGlobalSection
	GlobalSection(ExtensibilityGlobals) = postSolution
		SolutionGuid = {2A926A2E-9CBF-4768-99F3-82557657E7BC}
	EndGlobalSection
EndGlobal
