
Microsoft Visual Studio Solution File, Format Version 12.00
# Visual Studio Version 16
VisualStudioVersion = 16.0.31005.135
MinimumVisualStudioVersion = 10.0.40219.1
Project("{FAE04EC0-301F-11D3-BF4B-00C04F79EFBC}") = "14", "14.csproj", "{8026CE98-F894-420E-BBD5-4289682D3A9D}"
EndProject
Global
	GlobalSection(SolutionConfigurationPlatforms) = preSolution
		Debug|Any CPU = Debug|Any CPU
		Release|Any CPU = Release|Any CPU
	EndGlobalSection
	GlobalSection(ProjectConfigurationPlatforms) = postSolution
		{8026CE98-F894-420E-BBD5-4289682D3A9D}.Debug|Any CPU.ActiveCfg = Debug|Any CPU
		{8026CE98-F894-420E-BBD5-4289682D3A9D}.Debug|Any CPU.Build.0 = Debug|Any CPU
		{8026CE98-F894-420E-BBD5-4289682D3A9D}.Release|Any CPU.ActiveCfg = Release|Any CPU
		{8026CE98-F894-420E-BBD5-4289682D3A9D}.Release|Any CPU.Build.0 = Release|Any CPU
	EndGlobalSection
	GlobalSection(SolutionProperties) = preSolution
		HideSolutionNode = FALSE
	EndGlobalSection
	GlobalSection(ExtensibilityGlobals) = postSolution
		SolutionGuid = {823F27B7-161B-40AF-8DA0-B0235D39CD14}
	EndGlobalSection
EndGlobal
